lockfileVersion: 5.3

specifiers:
  gl-matrix: ^3.3.0
  open-simplex-noise: ^2.4.0-pre4

dependencies:
  gl-matrix: 3.3.0
  open-simplex-noise: 2.5.0

packages:

  /gl-matrix/3.3.0:
    resolution: {integrity: sha512-COb7LDz+SXaHtl/h4LeaFcNdJdAQSDeVqjiIihSXNrkWObZLhDI4hIkZC11Aeqp7bcE72clzB0BnDXr2SmslRA==}
    dev: false

  /open-simplex-noise/2.5.0:
    resolution: {integrity: sha512-co7x8uWxGcgFtsJNBFqI9ylq+5Isotz2hZR7dsD5Sl+RDPGBeMEG41KAfF+5gF10ksi9Pg6DNpMHEoyTKLbejQ==}
    dev: false
