# THIS IS AN AUTOGENERATED FILE. DO NOT EDIT THIS FILE DIRECTLY.
# yarn lockfile v1


comlink@^4.2.0:
  version "4.2.0"
  resolved "https://registry.yarnpkg.com/comlink/-/comlink-4.2.0.tgz#be9e968a19d797a44a042cf1eac03775d2ed39fe"
  integrity sha512-33hF3yYzZicIWLREuvluTGSZkbAXYwRmrA9IYQo0/P+0O45qgvzR0FHX4tRZztObFMTs/RhnN0G0UBNDAZSiCg==
