lockfileVersion: 5.3

specifiers:
  '@plantarium/helpers': 1.0.0
  resize-observer-polyfill: ^1.5.1

dependencies:
  '@plantarium/helpers': link:../helpers
  resize-observer-polyfill: 1.5.1

packages:

  /resize-observer-polyfill/1.5.1:
    resolution: {integrity: sha512-LwZrotdHOo12nQuZlHEmtuXdqGoOD0OhaxopaNFxWzInpEgaLWoVuAMbTzixuosCx2nEG58ngzW3vxdWoxIgdg==}
    dev: false
